
Microsoft Visual Studio Solution File, Format Version 12.00
# Visual Studio 15
VisualStudioVersion = 15.0.28010.2003
MinimumVisualStudioVersion = 10.0.40219.1
Project("{2150E333-8FDC-42A3-9474-1A3956D46DE8}") = "applications", "applications", "{A3864778-6571-4868-B3F8-D1AB967EBD82}"
EndProject
Project("{2150E333-8FDC-42A3-9474-1A3956D46DE8}") = "dataAccess", "dataAccess", "{75175459-36F3-4C88-993C-175AA1DD10F3}"
EndProject
Project("{2150E333-8FDC-42A3-9474-1A3956D46DE8}") = "common", "common", "{823AEB97-DF7B-43A9-BFE1-106A440A8CBD}"
EndProject
Project("{E24C65DC-7377-472B-9ABA-BC803B73C61A}") = "Catalog", "applications\Catalog\", "{CF4666AB-1F67-45B6-ABA8-02C7784D42F1}"
	ProjectSection(WebsiteProperties) = preProject
		TargetFrameworkMoniker = ".NETFramework,Version%3Dv4.5"
		Debug.AspNetCompiler.VirtualPath = "/Catalog"
		Debug.AspNetCompiler.PhysicalPath = "applications\Catalog\"
		Debug.AspNetCompiler.TargetPath = "PrecompiledWeb\Catalog\"
		Debug.AspNetCompiler.Updateable = "true"
		Debug.AspNetCompiler.ForceOverwrite = "true"
		Debug.AspNetCompiler.FixedNames = "false"
		Debug.AspNetCompiler.Debug = "True"
		Release.AspNetCompiler.VirtualPath = "/Catalog"
		Release.AspNetCompiler.PhysicalPath = "applications\Catalog\"
		Release.AspNetCompiler.TargetPath = "PrecompiledWeb\Catalog\"
		Release.AspNetCompiler.Updateable = "true"
		Release.AspNetCompiler.ForceOverwrite = "true"
		Release.AspNetCompiler.FixedNames = "false"
		Release.AspNetCompiler.Debug = "False"
		VWDPort = "52135"
		SlnRelativePath = "applications\Catalog\"
		DefaultWebSiteLanguage = "Visual Basic"
	EndProjectSection
EndProject
Project("{F184B08F-C81C-45F6-A57F-5ABD9991F28F}") = "DuckSystemDB", "dataAccess\DuckSystemDB\DuckSystemDB.vbproj", "{1D3050AA-5D1E-45FA-837D-B47B9319FCE8}"
EndProject
Project("{F184B08F-C81C-45F6-A57F-5ABD9991F28F}") = "iSeriesDB", "dataAccess\iSeriesDB\iSeriesDB.vbproj", "{2EC2933D-2382-4B9F-96CD-F491247C215C}"
EndProject
Project("{F184B08F-C81C-45F6-A57F-5ABD9991F28F}") = "commonFunctions", "common\commonFunctions\commonFunctions.vbproj", "{E7B44F5B-0591-4F5E-926B-7C19B2432A7B}"
EndProject
Project("{2150E333-8FDC-42A3-9474-1A3956D46DE8}") = ".nuget", ".nuget", "{9410EBAF-E9CB-4D0C-B8E7-661C208B0ADB}"
	ProjectSection(SolutionItems) = preProject
		.nuget\NuGet.Config = .nuget\NuGet.Config
		.nuget\NuGet.exe = .nuget\NuGet.exe
		.nuget\NuGet.targets = .nuget\NuGet.targets
	EndProjectSection
EndProject
Global
	GlobalSection(SolutionConfigurationPlatforms) = preSolution
		Debug|.NET = Debug|.NET
		Debug|Any CPU = Debug|Any CPU
		Debug|Mixed Platforms = Debug|Mixed Platforms
		Release|.NET = Release|.NET
		Release|Any CPU = Release|Any CPU
		Release|Mixed Platforms = Release|Mixed Platforms
	EndGlobalSection
	GlobalSection(ProjectConfigurationPlatforms) = postSolution
		{CF4666AB-1F67-45B6-ABA8-02C7784D42F1}.Debug|.NET.ActiveCfg = Debug|Any CPU
		{CF4666AB-1F67-45B6-ABA8-02C7784D42F1}.Debug|Any CPU.ActiveCfg = Debug|Any CPU
		{CF4666AB-1F67-45B6-ABA8-02C7784D42F1}.Debug|Any CPU.Build.0 = Debug|Any CPU
		{CF4666AB-1F67-45B6-ABA8-02C7784D42F1}.Debug|Mixed Platforms.ActiveCfg = Debug|Any CPU
		{CF4666AB-1F67-45B6-ABA8-02C7784D42F1}.Debug|Mixed Platforms.Build.0 = Debug|Any CPU
		{CF4666AB-1F67-45B6-ABA8-02C7784D42F1}.Release|.NET.ActiveCfg = Debug|Any CPU
		{CF4666AB-1F67-45B6-ABA8-02C7784D42F1}.Release|Any CPU.ActiveCfg = Debug|Any CPU
		{CF4666AB-1F67-45B6-ABA8-02C7784D42F1}.Release|Any CPU.Build.0 = Debug|Any CPU
		{CF4666AB-1F67-45B6-ABA8-02C7784D42F1}.Release|Mixed Platforms.ActiveCfg = Debug|Any CPU
		{CF4666AB-1F67-45B6-ABA8-02C7784D42F1}.Release|Mixed Platforms.Build.0 = Debug|Any CPU
		{1D3050AA-5D1E-45FA-837D-B47B9319FCE8}.Debug|.NET.ActiveCfg = Debug|Any CPU
		{1D3050AA-5D1E-45FA-837D-B47B9319FCE8}.Debug|Any CPU.ActiveCfg = Debug|Any CPU
		{1D3050AA-5D1E-45FA-837D-B47B9319FCE8}.Debug|Any CPU.Build.0 = Debug|Any CPU
		{1D3050AA-5D1E-45FA-837D-B47B9319FCE8}.Debug|Mixed Platforms.ActiveCfg = Debug|Any CPU
		{1D3050AA-5D1E-45FA-837D-B47B9319FCE8}.Debug|Mixed Platforms.Build.0 = Debug|Any CPU
		{1D3050AA-5D1E-45FA-837D-B47B9319FCE8}.Release|.NET.ActiveCfg = Release|Any CPU
		{1D3050AA-5D1E-45FA-837D-B47B9319FCE8}.Release|Any CPU.ActiveCfg = Release|Any CPU
		{1D3050AA-5D1E-45FA-837D-B47B9319FCE8}.Release|Any CPU.Build.0 = Release|Any CPU
		{1D3050AA-5D1E-45FA-837D-B47B9319FCE8}.Release|Mixed Platforms.ActiveCfg = Release|Any CPU
		{1D3050AA-5D1E-45FA-837D-B47B9319FCE8}.Release|Mixed Platforms.Build.0 = Release|Any CPU
		{2EC2933D-2382-4B9F-96CD-F491247C215C}.Debug|.NET.ActiveCfg = Debug|Any CPU
		{2EC2933D-2382-4B9F-96CD-F491247C215C}.Debug|Any CPU.ActiveCfg = Debug|Any CPU
		{2EC2933D-2382-4B9F-96CD-F491247C215C}.Debug|Any CPU.Build.0 = Debug|Any CPU
		{2EC2933D-2382-4B9F-96CD-F491247C215C}.Debug|Mixed Platforms.ActiveCfg = Debug|Any CPU
		{2EC2933D-2382-4B9F-96CD-F491247C215C}.Debug|Mixed Platforms.Build.0 = Debug|Any CPU
		{2EC2933D-2382-4B9F-96CD-F491247C215C}.Release|.NET.ActiveCfg = Release|Any CPU
		{2EC2933D-2382-4B9F-96CD-F491247C215C}.Release|Any CPU.ActiveCfg = Release|Any CPU
		{2EC2933D-2382-4B9F-96CD-F491247C215C}.Release|Any CPU.Build.0 = Release|Any CPU
		{2EC2933D-2382-4B9F-96CD-F491247C215C}.Release|Mixed Platforms.ActiveCfg = Release|Any CPU
		{2EC2933D-2382-4B9F-96CD-F491247C215C}.Release|Mixed Platforms.Build.0 = Release|Any CPU
		{E7B44F5B-0591-4F5E-926B-7C19B2432A7B}.Debug|.NET.ActiveCfg = Debug|Any CPU
		{E7B44F5B-0591-4F5E-926B-7C19B2432A7B}.Debug|Any CPU.ActiveCfg = Debug|Any CPU
		{E7B44F5B-0591-4F5E-926B-7C19B2432A7B}.Debug|Any CPU.Build.0 = Debug|Any CPU
		{E7B44F5B-0591-4F5E-926B-7C19B2432A7B}.Debug|Mixed Platforms.ActiveCfg = Debug|Any CPU
		{E7B44F5B-0591-4F5E-926B-7C19B2432A7B}.Debug|Mixed Platforms.Build.0 = Debug|Any CPU
		{E7B44F5B-0591-4F5E-926B-7C19B2432A7B}.Release|.NET.ActiveCfg = Release|Any CPU
		{E7B44F5B-0591-4F5E-926B-7C19B2432A7B}.Release|Any CPU.ActiveCfg = Release|Any CPU
		{E7B44F5B-0591-4F5E-926B-7C19B2432A7B}.Release|Any CPU.Build.0 = Release|Any CPU
		{E7B44F5B-0591-4F5E-926B-7C19B2432A7B}.Release|Mixed Platforms.ActiveCfg = Release|Any CPU
		{E7B44F5B-0591-4F5E-926B-7C19B2432A7B}.Release|Mixed Platforms.Build.0 = Release|Any CPU
	EndGlobalSection
	GlobalSection(SolutionProperties) = preSolution
		HideSolutionNode = FALSE
	EndGlobalSection
	GlobalSection(NestedProjects) = preSolution
		{CF4666AB-1F67-45B6-ABA8-02C7784D42F1} = {A3864778-6571-4868-B3F8-D1AB967EBD82}
		{1D3050AA-5D1E-45FA-837D-B47B9319FCE8} = {75175459-36F3-4C88-993C-175AA1DD10F3}
		{2EC2933D-2382-4B9F-96CD-F491247C215C} = {75175459-36F3-4C88-993C-175AA1DD10F3}
		{E7B44F5B-0591-4F5E-926B-7C19B2432A7B} = {823AEB97-DF7B-43A9-BFE1-106A440A8CBD}
	EndGlobalSection
	GlobalSection(ExtensibilityGlobals) = postSolution
		SolutionGuid = {B9F230BE-B839-498A-AFB2-72253472E6FE}
	EndGlobalSection
EndGlobal
